
Microsoft Visual Studio Solution File, Format Version 12.00
# Visual Studio 15
VisualStudioVersion = 15.0.28307.757
MinimumVisualStudioVersion = 10.0.40219.1
Project("{FAE04EC0-301F-11D3-BF4B-00C04F79EFBC}") = "AgularWebApp", "AgularWebApp\AgularWebApp.csproj", "{D8C38A6A-0DB5-477E-A1A9-A077B65DDB7F}"
EndProject
Project("{FAE04EC0-301F-11D3-BF4B-00C04F79EFBC}") = "BusinessLogic", "BusinessLogic\BusinessLogic.csproj", "{C5072064-099D-4620-9699-3A31B7BF21C6}"
EndProject
Project("{FAE04EC0-301F-11D3-BF4B-00C04F79EFBC}") = "BusinessLogic.Tests", "BusinessLogic.Tests\BusinessLogic.Tests.csproj", "{E1BA856C-1299-4BE4-B2C8-3080F03DC668}"
EndProject
Project("{FAE04EC0-301F-11D3-BF4B-00C04F79EFBC}") = "DependencyManager", "DependencyManager\DependencyManager.csproj", "{138A27D3-94BD-4ECE-8470-24FA9D2B7555}"
EndProject
Global
	GlobalSection(SolutionConfigurationPlatforms) = preSolution
		Debug|Any CPU = Debug|Any CPU
		Release|Any CPU = Release|Any CPU
	EndGlobalSection
	GlobalSection(ProjectConfigurationPlatforms) = postSolution
		{D8C38A6A-0DB5-477E-A1A9-A077B65DDB7F}.Debug|Any CPU.ActiveCfg = Debug|Any CPU
		{D8C38A6A-0DB5-477E-A1A9-A077B65DDB7F}.Debug|Any CPU.Build.0 = Debug|Any CPU
		{D8C38A6A-0DB5-477E-A1A9-A077B65DDB7F}.Release|Any CPU.ActiveCfg = Release|Any CPU
		{D8C38A6A-0DB5-477E-A1A9-A077B65DDB7F}.Release|Any CPU.Build.0 = Release|Any CPU
		{C5072064-099D-4620-9699-3A31B7BF21C6}.Debug|Any CPU.ActiveCfg = Debug|Any CPU
		{C5072064-099D-4620-9699-3A31B7BF21C6}.Debug|Any CPU.Build.0 = Debug|Any CPU
		{C5072064-099D-4620-9699-3A31B7BF21C6}.Release|Any CPU.ActiveCfg = Release|Any CPU
		{C5072064-099D-4620-9699-3A31B7BF21C6}.Release|Any CPU.Build.0 = Release|Any CPU
		{E1BA856C-1299-4BE4-B2C8-3080F03DC668}.Debug|Any CPU.ActiveCfg = Debug|Any CPU
		{E1BA856C-1299-4BE4-B2C8-3080F03DC668}.Debug|Any CPU.Build.0 = Debug|Any CPU
		{E1BA856C-1299-4BE4-B2C8-3080F03DC668}.Release|Any CPU.ActiveCfg = Release|Any CPU
		{E1BA856C-1299-4BE4-B2C8-3080F03DC668}.Release|Any CPU.Build.0 = Release|Any CPU
		{138A27D3-94BD-4ECE-8470-24FA9D2B7555}.Debug|Any CPU.ActiveCfg = Debug|Any CPU
		{138A27D3-94BD-4ECE-8470-24FA9D2B7555}.Debug|Any CPU.Build.0 = Debug|Any CPU
		{138A27D3-94BD-4ECE-8470-24FA9D2B7555}.Release|Any CPU.ActiveCfg = Release|Any CPU
		{138A27D3-94BD-4ECE-8470-24FA9D2B7555}.Release|Any CPU.Build.0 = Release|Any CPU
	EndGlobalSection
	GlobalSection(SolutionProperties) = preSolution
		HideSolutionNode = FALSE
	EndGlobalSection
	GlobalSection(ExtensibilityGlobals) = postSolution
		SolutionGuid = {013ED79C-9607-42C8-AFD5-C60BFF64B5CA}
	EndGlobalSection
EndGlobal
